Microsoft Visual Studio Solution File, Format Version 10.00
# Visual C++ Express 2008
Project("{8BC9CEB8-8B4A-11D0-8D11-00A0C91BC942}") = "hspinet", "hspinet_vc2008.vcproj", "{105EC53A-0067-442A-9BD0-EBD9DBC02C84}"
EndProject
Global
	GlobalSection(SolutionConfigurationPlatforms) = preSolution
		Debug|Win32 = Debug|Win32
		Release|Win32 = Release|Win32
	EndGlobalSection
	GlobalSection(ProjectConfigurationPlatforms) = postSolution
		{105EC53A-0067-442A-9BD0-EBD9DBC02C84}.Debug|Win32.ActiveCfg = Debug|Win32
		{105EC53A-0067-442A-9BD0-EBD9DBC02C84}.Debug|Win32.Build.0 = Debug|Win32
		{105EC53A-0067-442A-9BD0-EBD9DBC02C84}.Release|Win32.ActiveCfg = Release|Win32
		{105EC53A-0067-442A-9BD0-EBD9DBC02C84}.Release|Win32.Build.0 = Release|Win32
	EndGlobalSection
	GlobalSection(SolutionProperties) = preSolution
		HideSolutionNode = FALSE
	EndGlobalSection
EndGlobal
