Microsoft Visual Studio Solution File, Format Version 10.00
# Visual C++ Express 2008
Project("{8BC9CEB8-8B4A-11D0-8D11-00A0C91BC942}") = "hsp3debug", "hsp3debug_vc2008.vcproj", "{08B5A2A3-7CE3-4D17-9AAA-F18A5F82F1AC}"
EndProject
Global
	GlobalSection(SolutionConfigurationPlatforms) = preSolution
		Debug|Win32 = Debug|Win32
		Release|Win32 = Release|Win32
	EndGlobalSection
	GlobalSection(ProjectConfigurationPlatforms) = postSolution
		{08B5A2A3-7CE3-4D17-9AAA-F18A5F82F1AC}.Debug|Win32.ActiveCfg = Debug|Win32
		{08B5A2A3-7CE3-4D17-9AAA-F18A5F82F1AC}.Debug|Win32.Build.0 = Debug|Win32
		{08B5A2A3-7CE3-4D17-9AAA-F18A5F82F1AC}.Release|Win32.ActiveCfg = Release|Win32
		{08B5A2A3-7CE3-4D17-9AAA-F18A5F82F1AC}.Release|Win32.Build.0 = Release|Win32
	EndGlobalSection
	GlobalSection(SolutionProperties) = preSolution
		HideSolutionNode = FALSE
	EndGlobalSection
EndGlobal
